// !$*UTF8*$!
{
	archiveVersion = 1;
	classes = {
	};
	objectVersion = 46;
	objects = {

/* Begin PBXBuildFile section */
		9BCAC0291DB5C5B500FD49B5 /* AppDelegate.swift in Sources */ = {isa = PBXBuildFile; fileRef = 9BCAC0281DB5C5B500FD49B5 /* AppDelegate.swift */; };
		9BCAC02B1DB5C5B500FD49B5 /* ViewController.swift in Sources */ = {isa = PBXBuildFile; fileRef = 9BCAC02A1DB5C5B500FD49B5 /* ViewController.swift */; };
		9BCAC02E1DB5C5B500FD49B5 /* Main.storyboard in Resources */ = {isa = PBXBuildFile; fileRef = 9BCAC02C1DB5C5B500FD49B5 /* Main.storyboard */; };
		9BCAC0301DB5C5B500FD49B5 /* Assets.xcassets in Resources */ = {isa = PBXBuildFile; fileRef = 9BCAC02F1DB5C5B500FD49B5 /* Assets.xcassets */; };
		9BCAC0331DB5C5B500FD49B5 /* LaunchScreen.storyboard in Resources */ = {isa = PBXBuildFile; fileRef = 9BCAC0311DB5C5B500FD49B5 /* LaunchScreen.storyboard */; };
		9BCAC03E1DB5C5B500FD49B5 /* CurrentWeatherTests.swift in Sources */ = {isa = PBXBuildFile; fileRef = 9BCAC03D1DB5C5B500FD49B5 /* CurrentWeatherTests.swift */; };
		9BCAC0491DB5C5B500FD49B5 /* CurrentWeatherUITests.swift in Sources */ = {isa = PBXBuildFile; fileRef = 9BCAC0481DB5C5B500FD49B5 /* CurrentWeatherUITests.swift */; };
		9BCAC05A1DB6725500FD49B5 /* APIClient.swift in Sources */ = {isa = PBXBuildFile; fileRef = 9BCAC0591DB6725500FD49B5 /* APIClient.swift */; };
		9BCAC05B1DB6725500FD49B5 /* APIClient.swift in Sources */ = {isa = PBXBuildFile; fileRef = 9BCAC0591DB6725500FD49B5 /* APIClient.swift */; };
		9BCAC05F1DB70E6900FD49B5 /* WeatherModel.swift in Sources */ = {isa = PBXBuildFile; fileRef = 9BCAC05E1DB70E6900FD49B5 /* WeatherModel.swift */; };
/* End PBXBuildFile section */

/* Begin PBXContainerItemProxy section */
		9BCAC03A1DB5C5B500FD49B5 /* PBXContainerItemProxy */ = {
			isa = PBXContainerItemProxy;
			containerPortal = 9BCAC01D1DB5C5B500FD49B5 /* Project object */;
			proxyType = 1;
			remoteGlobalIDString = 9BCAC0241DB5C5B500FD49B5;
			remoteInfo = CurrentWeather;
		};
		9BCAC0451DB5C5B500FD49B5 /* PBXContainerItemProxy */ = {
			isa = PBXContainerItemProxy;
			containerPortal = 9BCAC01D1DB5C5B500FD49B5 /* Project object */;
			proxyType = 1;
			remoteGlobalIDString = 9BCAC0241DB5C5B500FD49B5;
			remoteInfo = CurrentWeather;
		};
/* End PBXContainerItemProxy section */

/* Begin PBXFileReference section */
		9BCAC0251DB5C5B500FD49B5 /* CurrentWeather.app */ = {isa = PBXFileReference; explicitFileType = wrapper.application; includeInIndex = 0; path = CurrentWeather.app; sourceTree = BUILT_PRODUCTS_DIR; };
		9BCAC0281DB5C5B500FD49B5 /* AppDelegate.swift */ = {isa = PBXFileReference; lastKnownFileType = sourcecode.swift; path = AppDelegate.swift; sourceTree = "<group>"; };
		9BCAC02A1DB5C5B500FD49B5 /* ViewController.swift */ = {isa = PBXFileReference; lastKnownFileType = sourcecode.swift; path = ViewController.swift; sourceTree = "<group>"; };
		9BCAC02D1DB5C5B500FD49B5 /* Base */ = {isa = PBXFileReference; lastKnownFileType = file.storyboard; name = Base; path = Base.lproj/Main.storyboard; sourceTree = "<group>"; };
		9BCAC02F1DB5C5B500FD49B5 /* Assets.xcassets */ = {isa = PBXFileReference; lastKnownFileType = folder.assetcatalog; path = Assets.xcassets; sourceTree = "<group>"; };
		9BCAC0321DB5C5B500FD49B5 /* Base */ = {isa = PBXFileReference; lastKnownFileType = file.storyboard; name = Base; path = Base.lproj/LaunchScreen.storyboard; sourceTree = "<group>"; };
		9BCAC0341DB5C5B500FD49B5 /* Info.plist */ = {isa = PBXFileReference; lastKnownFileType = text.plist.xml; path = Info.plist; sourceTree = "<group>"; };
		9BCAC0391DB5C5B500FD49B5 /* CurrentWeatherTests.xctest */ = {isa = PBXFileReference; explicitFileType = wrapper.cfbundle; includeInIndex = 0; path = CurrentWeatherTests.xctest; sourceTree = BUILT_PRODUCTS_DIR; };
		9BCAC03D1DB5C5B500FD49B5 /* CurrentWeatherTests.swift */ = {isa = PBXFileReference; lastKnownFileType = sourcecode.swift; path = CurrentWeatherTests.swift; sourceTree = "<group>"; };
		9BCAC03F1DB5C5B500FD49B5 /* Info.plist */ = {isa = PBXFileReference; lastKnownFileType = text.plist.xml; path = Info.plist; sourceTree = "<group>"; };
		9BCAC0441DB5C5B500FD49B5 /* CurrentWeatherUITests.xctest */ = {isa = PBXFileReference; explicitFileType = wrapper.cfbundle; includeInIndex = 0; path = CurrentWeatherUITests.xctest; sourceTree = BUILT_PRODUCTS_DIR; };
		9BCAC0481DB5C5B500FD49B5 /* CurrentWeatherUITests.swift */ = {isa = PBXFileReference; lastKnownFileType = sourcecode.swift; path = CurrentWeatherUITests.swift; sourceTree = "<group>"; };
		9BCAC04A1DB5C5B500FD49B5 /* Info.plist */ = {isa = PBXFileReference; lastKnownFileType = text.plist.xml; path = Info.plist; sourceTree = "<group>"; };
		9BCAC0591DB6725500FD49B5 /* APIClient.swift */ = {isa = PBXFileReference; fileEncoding = 4; lastKnownFileType = sourcecode.swift; path = APIClient.swift; sourceTree = "<group>"; };
		9BCAC05E1DB70E6900FD49B5 /* WeatherModel.swift */ = {isa = PBXFileReference; fileEncoding = 4; lastKnownFileType = sourcecode.swift; path = WeatherModel.swift; sourceTree = "<group>"; };
/* End PBXFileReference section */

/* Begin PBXFrameworksBuildPhase section */
		9BCAC0221DB5C5B500FD49B5 /* Frameworks */ = {
			isa = PBXFrameworksBuildPhase;
			buildActionMask = 2147483647;
			files = (
			);
			runOnlyForDeploymentPostprocessing = 0;
		};
		9BCAC0361DB5C5B500FD49B5 /* Frameworks */ = {
			isa = PBXFrameworksBuildPhase;
			buildActionMask = 2147483647;
			files = (
			);
			runOnlyForDeploymentPostprocessing = 0;
		};
		9BCAC0411DB5C5B500FD49B5 /* Frameworks */ = {
			isa = PBXFrameworksBuildPhase;
			buildActionMask = 2147483647;
			files = (
			);
			runOnlyForDeploymentPostprocessing = 0;
		};
/* End PBXFrameworksBuildPhase section */

/* Begin PBXGroup section */
		9BCAC01C1DB5C5B500FD49B5 = {
			isa = PBXGroup;
			children = (
				9BCAC0271DB5C5B500FD49B5 /* CurrentWeather */,
				9BCAC03C1DB5C5B500FD49B5 /* CurrentWeatherTests */,
				9BCAC0471DB5C5B500FD49B5 /* CurrentWeatherUITests */,
				9BCAC0261DB5C5B500FD49B5 /* Products */,
			);
			sourceTree = "<group>";
		};
		9BCAC0261DB5C5B500FD49B5 /* Products */ = {
			isa = PBXGroup;
			children = (
				9BCAC0251DB5C5B500FD49B5 /* CurrentWeather.app */,
				9BCAC0391DB5C5B500FD49B5 /* CurrentWeatherTests.xctest */,
				9BCAC0441DB5C5B500FD49B5 /* CurrentWeatherUITests.xctest */,
			);
			name = Products;
			sourceTree = "<group>";
		};
		9BCAC0271DB5C5B500FD49B5 /* CurrentWeather */ = {
			isa = PBXGroup;
			children = (
				9BCAC0281DB5C5B500FD49B5 /* AppDelegate.swift */,
				9BCAC02A1DB5C5B500FD49B5 /* ViewController.swift */,
				9BCAC0591DB6725500FD49B5 /* APIClient.swift */,
				9BCAC05E1DB70E6900FD49B5 /* WeatherModel.swift */,
				9BCAC02C1DB5C5B500FD49B5 /* Main.storyboard */,
				9BCAC02F1DB5C5B500FD49B5 /* Assets.xcassets */,
				9BCAC0311DB5C5B500FD49B5 /* LaunchScreen.storyboard */,
				9BCAC0341DB5C5B500FD49B5 /* Info.plist */,
			);
			path = CurrentWeather;
			sourceTree = "<group>";
		};
		9BCAC03C1DB5C5B500FD49B5 /* CurrentWeatherTests */ = {
			isa = PBXGroup;
			children = (
				9BCAC03D1DB5C5B500FD49B5 /* CurrentWeatherTests.swift */,
				9BCAC03F1DB5C5B500FD49B5 /* Info.plist */,
			);
			path = CurrentWeatherTests;
			sourceTree = "<group>";
		};
		9BCAC0471DB5C5B500FD49B5 /* CurrentWeatherUITests */ = {
			isa = PBXGroup;
			children = (
				9BCAC0481DB5C5B500FD49B5 /* CurrentWeatherUITests.swift */,
				9BCAC04A1DB5C5B500FD49B5 /* Info.plist */,
			);
			path = CurrentWeatherUITests;
			sourceTree = "<group>";
		};
/* End PBXGroup section */

/* Begin PBXNativeTarget section */
		9BCAC0241DB5C5B500FD49B5 /* CurrentWeather */ = {
			isa = PBXNativeTarget;
			buildConfigurationList = 9BCAC04D1DB5C5B500FD49B5 /* Build configuration list for PBXNativeTarget "CurrentWeather" */;
			buildPhases = (
				9BCAC0211DB5C5B500FD49B5 /* Sources */,
				9BCAC0221DB5C5B500FD49B5 /* Frameworks */,
				9BCAC0231DB5C5B500FD49B5 /* Resources */,
			);
			buildRules = (
			);
			dependencies = (
			);
			name = CurrentWeather;
			productName = CurrentWeather;
			productReference = 9BCAC0251DB5C5B500FD49B5 /* CurrentWeather.app */;
			productType = "com.apple.product-type.application";
		};
		9BCAC0381DB5C5B500FD49B5 /* CurrentWeatherTests */ = {
			isa = PBXNativeTarget;
			buildConfigurationList = 9BCAC0501DB5C5B500FD49B5 /* Build configuration list for PBXNativeTarget "CurrentWeatherTests" */;
			buildPhases = (
				9BCAC0351DB5C5B500FD49B5 /* Sources */,
				9BCAC0361DB5C5B500FD49B5 /* Frameworks */,
				9BCAC0371DB5C5B500FD49B5 /* Resources */,
			);
			buildRules = (
			);
			dependencies = (
				9BCAC03B1DB5C5B500FD49B5 /* PBXTargetDependency */,
			);
			name = CurrentWeatherTests;
			productName = CurrentWeatherTests;
			productReference = 9BCAC0391DB5C5B500FD49B5 /* CurrentWeatherTests.xctest */;
			productType = "com.apple.product-type.bundle.unit-test";
		};
		9BCAC0431DB5C5B500FD49B5 /* CurrentWeatherUITests */ = {
			isa = PBXNativeTarget;
			buildConfigurationList = 9BCAC0531DB5C5B500FD49B5 /* Build configuration list for PBXNativeTarget "CurrentWeatherUITests" */;
			buildPhases = (
				9BCAC0401DB5C5B500FD49B5 /* Sources */,
				9BCAC0411DB5C5B500FD49B5 /* Frameworks */,
				9BCAC0421DB5C5B500FD49B5 /* Resources */,
			);
			buildRules = (
			);
			dependencies = (
				9BCAC0461DB5C5B500FD49B5 /* PBXTargetDependency */,
			);
			name = CurrentWeatherUITests;
			productName = CurrentWeatherUITests;
			productReference = 9BCAC0441DB5C5B500FD49B5 /* CurrentWeatherUITests.xctest */;
			productType = "com.apple.product-type.bundle.ui-testing";
		};
/* End PBXNativeTarget section */

/* Begin PBXProject section */
		9BCAC01D1DB5C5B500FD49B5 /* Project object */ = {
			isa = PBXProject;
			attributes = {
				LastSwiftUpdateCheck = 0800;
				LastUpgradeCheck = 0800;
				ORGANIZATIONNAME = "Ben Goertz";
				TargetAttributes = {
					9BCAC0241DB5C5B500FD49B5 = {
						CreatedOnToolsVersion = 8.0;
						DevelopmentTeam = 56459Q4LY2;
						ProvisioningStyle = Automatic;
					};
					9BCAC0381DB5C5B500FD49B5 = {
						CreatedOnToolsVersion = 8.0;
						DevelopmentTeam = 56459Q4LY2;
						ProvisioningStyle = Automatic;
						TestTargetID = 9BCAC0241DB5C5B500FD49B5;
					};
					9BCAC0431DB5C5B500FD49B5 = {
						CreatedOnToolsVersion = 8.0;
						DevelopmentTeam = 56459Q4LY2;
						ProvisioningStyle = Automatic;
						TestTargetID = 9BCAC0241DB5C5B500FD49B5;
					};
				};
			};
			buildConfigurationList = 9BCAC0201DB5C5B500FD49B5 /* Build configuration list for PBXProject "CurrentWeather" */;
			compatibilityVersion = "Xcode 3.2";
			developmentRegion = English;
			hasScannedForEncodings = 0;
			knownRegions = (
				en,
				Base,
			);
			mainGroup = 9BCAC01C1DB5C5B500FD49B5;
			productRefGroup = 9BCAC0261DB5C5B500FD49B5 /* Products */;
			projectDirPath = "";
			projectRoot = "";
			targets = (
				9BCAC0241DB5C5B500FD49B5 /* CurrentWeather */,
				9BCAC0381DB5C5B500FD49B5 /* CurrentWeatherTests */,
				9BCAC0431DB5C5B500FD49B5 /* CurrentWeatherUITests */,
			);
		};
/* End PBXProject section */

/* Begin PBXResourcesBuildPhase section */
		9BCAC0231DB5C5B500FD49B5 /* Resources */ = {
			isa = PBXResourcesBuildPhase;
			buildActionMask = 2147483647;
			files = (
				9BCAC0331DB5C5B500FD49B5 /* LaunchScreen.storyboard in Resources */,
				9BCAC0301DB5C5B500FD49B5 /* Assets.xcassets in Resources */,
				9BCAC02E1DB5C5B500FD49B5 /* Main.storyboard in Resources */,
			);
			runOnlyForDeploymentPostprocessing = 0;
		};
		9BCAC0371DB5C5B500FD49B5 /* Resources */ = {
			isa = PBXResourcesBuildPhase;
			buildActionMask = 2147483647;
			files = (
			);
			runOnlyForDeploymentPostprocessing = 0;
		};
		9BCAC0421DB5C5B500FD49B5 /* Resources */ = {
			isa = PBXResourcesBuildPhase;
			buildActionMask = 2147483647;
			files = (
			);
			runOnlyForDeploymentPostprocessing = 0;
		};
/* End PBXResourcesBuildPhase section */

/* Begin PBXSourcesBuildPhase section */
		9BCAC0211DB5C5B500FD49B5 /* Sources */ = {
			isa = PBXSourcesBuildPhase;
			buildActionMask = 2147483647;
			files = (
				9BCAC05F1DB70E6900FD49B5 /* WeatherModel.swift in Sources */,
				9BCAC02B1DB5C5B500FD49B5 /* ViewController.swift in Sources */,
				9BCAC0291DB5C5B500FD49B5 /* AppDelegate.swift in Sources */,
				9BCAC05A1DB6725500FD49B5 /* APIClient.swift in Sources */,
			);
			runOnlyForDeploymentPostprocessing = 0;
		};
		9BCAC0351DB5C5B500FD49B5 /* Sources */ = {
			isa = PBXSourcesBuildPhase;
			buildActionMask = 2147483647;
			files = (
				9BCAC03E1DB5C5B500FD49B5 /* CurrentWeatherTests.swift in Sources */,
				9BCAC05B1DB6725500FD49B5 /* APIClient.swift in Sources */,
			);
			runOnlyForDeploymentPostprocessing = 0;
		};
		9BCAC0401DB5C5B500FD49B5 /* Sources */ = {
			isa = PBXSourcesBuildPhase;
			buildActionMask = 2147483647;
			files = (
				9BCAC0491DB5C5B500FD49B5 /* CurrentWeatherUITests.swift in Sources */,
			);
			runOnlyForDeploymentPostprocessing = 0;
		};
/* End PBXSourcesBuildPhase section */

/* Begin PBXTargetDependency section */
		9BCAC03B1DB5C5B500FD49B5 /* PBXTargetDependency */ = {
			isa = PBXTargetDependency;
			target = 9BCAC0241DB5C5B500FD49B5 /* CurrentWeather */;
			targetProxy = 9BCAC03A1DB5C5B500FD49B5 /* PBXContainerItemProxy */;
		};
		9BCAC0461DB5C5B500FD49B5 /* PBXTargetDependency */ = {
			isa = PBXTargetDependency;
			target = 9BCAC0241DB5C5B500FD49B5 /* CurrentWeather */;
			targetProxy = 9BCAC0451DB5C5B500FD49B5 /* PBXContainerItemProxy */;
		};
/* End PBXTargetDependency section */

/* Begin PBXVariantGroup section */
		9BCAC02C1DB5C5B500FD49B5 /* Main.storyboard */ = {
			isa = PBXVariantGroup;
			children = (
				9BCAC02D1DB5C5B500FD49B5 /* Base */,
			);
			name = Main.storyboard;
			sourceTree = "<group>";
		};
		9BCAC0311DB5C5B500FD49B5 /* LaunchScreen.storyboard */ = {
			isa = PBXVariantGroup;
			children = (
				9BCAC0321DB5C5B500FD49B5 /* Base */,
			);
			name = LaunchScreen.storyboard;
			sourceTree = "<group>";
		};
/* End PBXVariantGroup section */

/* Begin XCBuildConfiguration section */
		9BCAC04B1DB5C5B500FD49B5 /* Debug */ = {
			isa = XCBuildConfiguration;
			buildSettings = {
				ALWAYS_SEARCH_USER_PATHS = NO;
				CLANG_ANALYZER_NONNULL = YES;
				CLANG_CXX_LANGUAGE_STANDARD = "gnu++0x";
				CLANG_CXX_LIBRARY = "libc++";
				CLANG_ENABLE_MODULES = YES;
				CLANG_ENABLE_OBJC_ARC = YES;
				CLANG_WARN_BOOL_CONVERSION = YES;
				CLANG_WARN_CONSTANT_CONVERSION = YES;
				CLANG_WARN_DIRECT_OBJC_ISA_USAGE = YES_ERROR;
				CLANG_WARN_DOCUMENTATION_COMMENTS = YES;
				CLANG_WARN_EMPTY_BODY = YES;
				CLANG_WARN_ENUM_CONVERSION = YES;
				CLANG_WARN_INFINITE_RECURSION = YES;
				CLANG_WARN_INT_CONVERSION = YES;
				CLANG_WARN_OBJC_ROOT_CLASS = YES_ERROR;
				CLANG_WARN_SUSPICIOUS_MOVES = YES;
				CLANG_WARN_UNREACHABLE_CODE = YES;
				CLANG_WARN__DUPLICATE_METHOD_MATCH = YES;
				"CODE_SIGN_IDENTITY[sdk=iphoneos*]" = "iPhone Developer";
				COPY_PHASE_STRIP = NO;
				DEBUG_INFORMATION_FORMAT = dwarf;
				ENABLE_STRICT_OBJC_MSGSEND = YES;
				ENABLE_TESTABILITY = YES;
				GCC_C_LANGUAGE_STANDARD = gnu99;
				GCC_DYNAMIC_NO_PIC = NO;
				GCC_NO_COMMON_BLOCKS = YES;
				GCC_OPTIMIZATION_LEVEL = 0;
				GCC_PREPROCESSOR_DEFINITIONS = (
					"DEBUG=1",
					"$(inherited)",
				);
				GCC_WARN_64_TO_32_BIT_CONVERSION = YES;
				GCC_WARN_ABOUT_RETURN_TYPE = YES_ERROR;
				GCC_WARN_UNDECLARED_SELECTOR = YES;
				GCC_WARN_UNINITIALIZED_AUTOS = YES_AGGRESSIVE;
				GCC_WARN_UNUSED_FUNCTION = YES;
				GCC_WARN_UNUSED_VARIABLE = YES;
				IPHONEOS_DEPLOYMENT_TARGET = 10.0;
				MTL_ENABLE_DEBUG_INFO = YES;
				ONLY_ACTIVE_ARCH = YES;
				SDKROOT = iphoneos;
				SWIFT_ACTIVE_COMPILATION_CONDITIONS = DEBUG;
				SWIFT_OPTIMIZATION_LEVEL = "-Onone";
				TARGETED_DEVICE_FAMILY = "1,2";
			};
			name = Debug;
		};
		9BCAC04C1DB5C5B500FD49B5 /* Release */ = {
			isa = XCBuildConfiguration;
			buildSettings = {
				ALWAYS_SEARCH_USER_PATHS = NO;
				CLANG_ANALYZER_NONNULL = YES;
				CLANG_CXX_LANGUAGE_STANDARD = "gnu++0x";
				CLANG_CXX_LIBRARY = "libc++";
				CLANG_ENABLE_MODULES = YES;
				CLANG_ENABLE_OBJC_ARC = YES;
				CLANG_WARN_BOOL_CONVERSION = YES;
				CLANG_WARN_CONSTANT_CONVERSION = YES;
				CLANG_WARN_DIRECT_OBJC_ISA_USAGE = YES_ERROR;
				CLANG_WARN_DOCUMENTATION_COMMENTS = YES;
				CLANG_WARN_EMPTY_BODY = YES;
				CLANG_WARN_ENUM_CONVERSION = YES;
				CLANG_WARN_INFINITE_RECURSION = YES;
				CLANG_WARN_INT_CONVERSION = YES;
				CLANG_WARN_OBJC_ROOT_CLASS = YES_ERROR;
				CLANG_WARN_SUSPICIOUS_MOVES = YES;
				CLANG_WARN_UNREACHABLE_CODE = YES;
				CLANG_WARN__DUPLICATE_METHOD_MATCH = YES;
				"CODE_SIGN_IDENTITY[sdk=iphoneos*]" = "iPhone Developer";
				COPY_PHASE_STRIP = NO;
				DEBUG_INFORMATION_FORMAT = "dwarf-with-dsym";
				ENABLE_NS_ASSERTIONS = NO;
				ENABLE_STRICT_OBJC_MSGSEND = YES;
				GCC_C_LANGUAGE_STANDARD = gnu99;
				GCC_NO_COMMON_BLOCKS = YES;
				GCC_WARN_64_TO_32_BIT_CONVERSION = YES;
				GCC_WARN_ABOUT_RETURN_TYPE = YES_ERROR;
				GCC_WARN_UNDECLARED_SELECTOR = YES;
				GCC_WARN_UNINITIALIZED_AUTOS = YES_AGGRESSIVE;
				GCC_WARN_UNUSED_FUNCTION = YES;
				GCC_WARN_UNUSED_VARIABLE = YES;
				IPHONEOS_DEPLOYMENT_TARGET = 10.0;
				MTL_ENABLE_DEBUG_INFO = NO;
				SDKROOT = iphoneos;
				SWIFT_OPTIMIZATION_LEVEL = "-Owholemodule";
				TARGETED_DEVICE_FAMILY = "1,2";
				VALIDATE_PRODUCT = YES;
			};
			name = Release;
		};
		9BCAC04E1DB5C5B500FD49B5 /* Debug */ = {
			isa = XCBuildConfiguration;
			buildSettings = {
				ASSETCATALOG_COMPILER_APPICON_NAME = AppIcon;
				DEVELOPMENT_TEAM = 56459Q4LY2;
				INFOPLIST_FILE = CurrentWeather/Info.plist;
				LD_RUNPATH_SEARCH_PATHS = "$(inherited) @executable_path/Frameworks";
				PRODUCT_BUNDLE_IDENTIFIER = suite22.CurrentWeather;
				PRODUCT_NAME = "$(TARGET_NAME)";
				SWIFT_VERSION = 3.0;
			};
			name = Debug;
		};
		9BCAC04F1DB5C5B500FD49B5 /* Release */ = {
			isa = XCBuildConfiguration;
			buildSettings = {
				ASSETCATALOG_COMPILER_APPICON_NAME = AppIcon;
				DEVELOPMENT_TEAM = 56459Q4LY2;
				INFOPLIST_FILE = CurrentWeather/Info.plist;
				LD_RUNPATH_SEARCH_PATHS = "$(inherited) @executable_path/Frameworks";
				PRODUCT_BUNDLE_IDENTIFIER = suite22.CurrentWeather;
				PRODUCT_NAME = "$(TARGET_NAME)";
				SWIFT_VERSION = 3.0;
			};
			name = Release;
		};
		9BCAC0511DB5C5B500FD49B5 /* Debug */ = {
			isa = XCBuildConfiguration;
			buildSettings = {
				ALWAYS_EMBED_SWIFT_STANDARD_LIBRARIES = YES;
				BUNDLE_LOADER = "$(TEST_HOST)";
				DEVELOPMENT_TEAM = 56459Q4LY2;
				INFOPLIST_FILE = CurrentWeatherTests/Info.plist;
				LD_RUNPATH_SEARCH_PATHS = "$(inherited) @executable_path/Frameworks @loader_path/Frameworks";
				PRODUCT_BUNDLE_IDENTIFIER = suite22.CurrentWeatherTests;
				PRODUCT_NAME = "$(TARGET_NAME)";
				SWIFT_VERSION = 3.0;
				TEST_HOST = "$(BUILT_PRODUCTS_DIR)/CurrentWeather.app/CurrentWeather";
			};
			name = Debug;
		};
		9BCAC0521DB5C5B500FD49B5 /* Release */ = {
			isa = XCBuildConfiguration;
			buildSettings = {
				ALWAYS_EMBED_SWIFT_STANDARD_LIBRARIES = YES;
				BUNDLE_LOADER = "$(TEST_HOST)";
				DEVELOPMENT_TEAM = 56459Q4LY2;
				INFOPLIST_FILE = CurrentWeatherTests/Info.plist;
				LD_RUNPATH_SEARCH_PATHS = "$(inherited) @executable_path/Frameworks @loader_path/Frameworks";
				PRODUCT_BUNDLE_IDENTIFIER = suite22.CurrentWeatherTests;
				PRODUCT_NAME = "$(TARGET_NAME)";
				SWIFT_VERSION = 3.0;
				TEST_HOST = "$(BUILT_PRODUCTS_DIR)/CurrentWeather.app/CurrentWeather";
			};
			name = Release;
		};
		9BCAC0541DB5C5B500FD49B5 /* Debug */ = {
			isa = XCBuildConfiguration;
			buildSettings = {
				ALWAYS_EMBED_SWIFT_STANDARD_LIBRARIES = YES;
				DEVELOPMENT_TEAM = 56459Q4LY2;
				INFOPLIST_FILE = CurrentWeatherUITests/Info.plist;
				LD_RUNPATH_SEARCH_PATHS = "$(inherited) @executable_path/Frameworks @loader_path/Frameworks";
				PRODUCT_BUNDLE_IDENTIFIER = suite22.CurrentWeatherUITests;
				PRODUCT_NAME = "$(TARGET_NAME)";
				SWIFT_VERSION = 3.0;
				TEST_TARGET_NAME = CurrentWeather;
			};
			name = Debug;
		};
		9BCAC0551DB5C5B500FD49B5 /* Release */ = {
			isa = XCBuildConfiguration;
			buildSettings = {
				ALWAYS_EMBED_SWIFT_STANDARD_LIBRARIES = YES;
				DEVELOPMENT_TEAM = 56459Q4LY2;
				INFOPLIST_FILE = CurrentWeatherUITests/Info.plist;
				LD_RUNPATH_SEARCH_PATHS = "$(inherited) @executable_path/Frameworks @loader_path/Frameworks";
				PRODUCT_BUNDLE_IDENTIFIER = suite22.CurrentWeatherUITests;
				PRODUCT_NAME = "$(TARGET_NAME)";
				SWIFT_VERSION = 3.0;
				TEST_TARGET_NAME = CurrentWeather;
			};
			name = Release;
		};
/* End XCBuildConfiguration section */

/* Begin XCConfigurationList section */
		9BCAC0201DB5C5B500FD49B5 /* Build configuration list for PBXProject "CurrentWeather" */ = {
			isa = XCConfigurationList;
			buildConfigurations = (
				9BCAC04B1DB5C5B500FD49B5 /* Debug */,
				9BCAC04C1DB5C5B500FD49B5 /* Release */,
			);
			defaultConfigurationIsVisible = 0;
			defaultConfigurationName = Release;
		};
		9BCAC04D1DB5C5B500FD49B5 /* Build configuration list for PBXNativeTarget "CurrentWeather" */ = {
			isa = XCConfigurationList;
			buildConfigurations = (
				9BCAC04E1DB5C5B500FD49B5 /* Debug */,
				9BCAC04F1DB5C5B500FD49B5 /* Release */,
			);
			defaultConfigurationIsVisible = 0;
			defaultConfigurationName = Release;
		};
		9BCAC0501DB5C5B500FD49B5 /* Build configuration list for PBXNativeTarget "CurrentWeatherTests" */ = {
			isa = XCConfigurationList;
			buildConfigurations = (
				9BCAC0511DB5C5B500FD49B5 /* Debug */,
				9BCAC0521DB5C5B500FD49B5 /* Release */,
			);
			defaultConfigurationIsVisible = 0;
			defaultConfigurationName = Release;
		};
		9BCAC0531DB5C5B500FD49B5 /* Build configuration list for PBXNativeTarget "CurrentWeatherUITests" */ = {
			isa = XCConfigurationList;
			buildConfigurations = (
				9BCAC0541DB5C5B500FD49B5 /* Debug */,
				9BCAC0551DB5C5B500FD49B5 /* Release */,
			);
			defaultConfigurationIsVisible = 0;
			defaultConfigurationName = Release;
		};
/* End XCConfigurationList section */
	};
	rootObject = 9BCAC01D1DB5C5B500FD49B5 /* Project object */;
}
